// !$*UTF8*$!
{
	archiveVersion = 1;
	classes = {
	};
	objectVersion = 50;
	objects = {

/* Begin PBXBuildFile section */
		DF3B28812458CA4000F68C12 /* PatchBug1576767.s in Sources */ = {isa = PBXBuildFile; fileRef = DF3B287F2458CA4000F68C12 /* PatchBug1576767.s */; };
		DF3B28822458CA4000F68C12 /* PatchBug1576767.h in Headers */ = {isa = PBXBuildFile; fileRef = DF3B28802458CA4000F68C12 /* PatchBug1576767.h */; };
		DFEE526B2458C80100C07474 /* PatchBug1576767.cpp in Sources */ = {isa = PBXBuildFile; fileRef = DFEE526A2458C80100C07474 /* PatchBug1576767.cpp */; };
/* End PBXBuildFile section */

/* Begin PBXFileReference section */
		DF3B287F2458CA4000F68C12 /* PatchBug1576767.s */ = {isa = PBXFileReference; fileEncoding = 4; lastKnownFileType = sourcecode.asm; path = PatchBug1576767.s; sourceTree = "<group>"; };
		DF3B28802458CA4000F68C12 /* PatchBug1576767.h */ = {isa = PBXFileReference; fileEncoding = 4; lastKnownFileType = sourcecode.c.h; path = PatchBug1576767.h; sourceTree = "<group>"; };
		DFEE52672458C80100C07474 /* PatchBug1576767.kext */ = {isa = PBXFileReference; explicitFileType = wrapper.cfbundle; includeInIndex = 0; path = PatchBug1576767.kext; sourceTree = BUILT_PRODUCTS_DIR; };
		DFEE526A2458C80100C07474 /* PatchBug1576767.cpp */ = {isa = PBXFileReference; lastKnownFileType = sourcecode.cpp.cpp; path = PatchBug1576767.cpp; sourceTree = "<group>"; };
		DFEE526C2458C80100C07474 /* Info.plist */ = {isa = PBXFileReference; lastKnownFileType = text.plist.xml; path = Info.plist; sourceTree = "<group>"; };
/* End PBXFileReference section */

/* Begin PBXFrameworksBuildPhase section */
		DFEE52642458C80100C07474 /* Frameworks */ = {
			isa = PBXFrameworksBuildPhase;
			buildActionMask = 2147483647;
			files = (
			);
			runOnlyForDeploymentPostprocessing = 0;
		};
/* End PBXFrameworksBuildPhase section */

/* Begin PBXGroup section */
		DFEE525D2458C80100C07474 = {
			isa = PBXGroup;
			children = (
				DFEE52692458C80100C07474 /* PatchBug1576767 */,
				DFEE52682458C80100C07474 /* Products */,
			);
			sourceTree = "<group>";
		};
		DFEE52682458C80100C07474 /* Products */ = {
			isa = PBXGroup;
			children = (
				DFEE52672458C80100C07474 /* PatchBug1576767.kext */,
			);
			name = Products;
			sourceTree = "<group>";
		};
		DFEE52692458C80100C07474 /* PatchBug1576767 */ = {
			isa = PBXGroup;
			children = (
				DF3B28802458CA4000F68C12 /* PatchBug1576767.h */,
				DF3B287F2458CA4000F68C12 /* PatchBug1576767.s */,
				DFEE526A2458C80100C07474 /* PatchBug1576767.cpp */,
				DFEE526C2458C80100C07474 /* Info.plist */,
			);
			path = PatchBug1576767;
			sourceTree = "<group>";
		};
/* End PBXGroup section */

/* Begin PBXHeadersBuildPhase section */
		DFEE52622458C80100C07474 /* Headers */ = {
			isa = PBXHeadersBuildPhase;
			buildActionMask = 2147483647;
			files = (
				DF3B28822458CA4000F68C12 /* PatchBug1576767.h in Headers */,
			);
			runOnlyForDeploymentPostprocessing = 0;
		};
/* End PBXHeadersBuildPhase section */

/* Begin PBXNativeTarget section */
		DFEE52662458C80100C07474 /* PatchBug1576767 */ = {
			isa = PBXNativeTarget;
			buildConfigurationList = DFEE526F2458C80100C07474 /* Build configuration list for PBXNativeTarget "PatchBug1576767" */;
			buildPhases = (
				DFEE52622458C80100C07474 /* Headers */,
				DFEE52632458C80100C07474 /* Sources */,
				DFEE52642458C80100C07474 /* Frameworks */,
				DFEE52652458C80100C07474 /* Resources */,
			);
			buildRules = (
			);
			dependencies = (
			);
			name = PatchBug1576767;
			productName = PatchBug1576767;
			productReference = DFEE52672458C80100C07474 /* PatchBug1576767.kext */;
			productType = "com.apple.product-type.kernel-extension";
		};
/* End PBXNativeTarget section */

/* Begin PBXProject section */
		DFEE525E2458C80100C07474 /* Project object */ = {
			isa = PBXProject;
			attributes = {
				LastUpgradeCheck = 1130;
				ORGANIZATIONNAME = "Steven Michaud";
				TargetAttributes = {
					DFEE52662458C80100C07474 = {
						CreatedOnToolsVersion = 11.3;
					};
				};
			};
			buildConfigurationList = DFEE52612458C80100C07474 /* Build configuration list for PBXProject "PatchBug1576767" */;
			compatibilityVersion = "Xcode 9.3";
			developmentRegion = en;
			hasScannedForEncodings = 0;
			knownRegions = (
				en,
				Base,
			);
			mainGroup = DFEE525D2458C80100C07474;
			productRefGroup = DFEE52682458C80100C07474 /* Products */;
			projectDirPath = "";
			projectRoot = "";
			targets = (
				DFEE52662458C80100C07474 /* PatchBug1576767 */,
			);
		};
/* End PBXProject section */

/* Begin PBXResourcesBuildPhase section */
		DFEE52652458C80100C07474 /* Resources */ = {
			isa = PBXResourcesBuildPhase;
			buildActionMask = 2147483647;
			files = (
			);
			runOnlyForDeploymentPostprocessing = 0;
		};
/* End PBXResourcesBuildPhase section */

/* Begin PBXSourcesBuildPhase section */
		DFEE52632458C80100C07474 /* Sources */ = {
			isa = PBXSourcesBuildPhase;
			buildActionMask = 2147483647;
			files = (
				DFEE526B2458C80100C07474 /* PatchBug1576767.cpp in Sources */,
				DF3B28812458CA4000F68C12 /* PatchBug1576767.s in Sources */,
			);
			runOnlyForDeploymentPostprocessing = 0;
		};
/* End PBXSourcesBuildPhase section */

/* Begin XCBuildConfiguration section */
		DFEE526D2458C80100C07474 /* Debug */ = {
			isa = XCBuildConfiguration;
			buildSettings = {
				ALWAYS_SEARCH_USER_PATHS = NO;
				CLANG_ANALYZER_NONNULL = YES;
				CLANG_ANALYZER_NUMBER_OBJECT_CONVERSION = YES_AGGRESSIVE;
				CLANG_CXX_LANGUAGE_STANDARD = "gnu++14";
				CLANG_CXX_LIBRARY = "libc++";
				CLANG_ENABLE_MODULES = YES;
				CLANG_ENABLE_OBJC_ARC = YES;
				CLANG_ENABLE_OBJC_WEAK = YES;
				CLANG_WARN_BLOCK_CAPTURE_AUTORELEASING = YES;
				CLANG_WARN_BOOL_CONVERSION = YES;
				CLANG_WARN_COMMA = YES;
				CLANG_WARN_CONSTANT_CONVERSION = YES;
				CLANG_WARN_DEPRECATED_OBJC_IMPLEMENTATIONS = YES;
				CLANG_WARN_DIRECT_OBJC_ISA_USAGE = YES_ERROR;
				CLANG_WARN_DOCUMENTATION_COMMENTS = YES;
				CLANG_WARN_EMPTY_BODY = YES;
				CLANG_WARN_ENUM_CONVERSION = YES;
				CLANG_WARN_INFINITE_RECURSION = YES;
				CLANG_WARN_INT_CONVERSION = YES;
				CLANG_WARN_NON_LITERAL_NULL_CONVERSION = YES;
				CLANG_WARN_OBJC_IMPLICIT_RETAIN_SELF = YES;
				CLANG_WARN_OBJC_LITERAL_CONVERSION = YES;
				CLANG_WARN_OBJC_ROOT_CLASS = YES_ERROR;
				CLANG_WARN_RANGE_LOOP_ANALYSIS = YES;
				CLANG_WARN_STRICT_PROTOTYPES = YES;
				CLANG_WARN_SUSPICIOUS_MOVE = YES;
				CLANG_WARN_UNGUARDED_AVAILABILITY = YES_AGGRESSIVE;
				CLANG_WARN_UNREACHABLE_CODE = YES;
				CLANG_WARN__DUPLICATE_METHOD_MATCH = YES;
				CODE_SIGN_IDENTITY = "-";
				COPY_PHASE_STRIP = NO;
				DEBUG_INFORMATION_FORMAT = dwarf;
				ENABLE_STRICT_OBJC_MSGSEND = YES;
				ENABLE_TESTABILITY = YES;
				GCC_C_LANGUAGE_STANDARD = gnu11;
				GCC_DYNAMIC_NO_PIC = NO;
				GCC_NO_COMMON_BLOCKS = YES;
				GCC_OPTIMIZATION_LEVEL = 0;
				GCC_PREPROCESSOR_DEFINITIONS = (
					"DEBUG=1",
					"$(inherited)",
				);
				GCC_WARN_64_TO_32_BIT_CONVERSION = YES;
				GCC_WARN_ABOUT_RETURN_TYPE = YES_ERROR;
				GCC_WARN_UNDECLARED_SELECTOR = YES;
				GCC_WARN_UNINITIALIZED_AUTOS = YES_AGGRESSIVE;
				GCC_WARN_UNUSED_FUNCTION = YES;
				GCC_WARN_UNUSED_VARIABLE = YES;
				MACOSX_DEPLOYMENT_TARGET = 10.15;
				MTL_ENABLE_DEBUG_INFO = INCLUDE_SOURCE;
				MTL_FAST_MATH = YES;
				ONLY_ACTIVE_ARCH = YES;
				SDKROOT = macosx;
			};
			name = Debug;
		};
		DFEE526E2458C80100C07474 /* Release */ = {
			isa = XCBuildConfiguration;
			buildSettings = {
				ALWAYS_SEARCH_USER_PATHS = NO;
				CLANG_ANALYZER_NONNULL = YES;
				CLANG_ANALYZER_NUMBER_OBJECT_CONVERSION = YES_AGGRESSIVE;
				CLANG_CXX_LANGUAGE_STANDARD = "gnu++14";
				CLANG_CXX_LIBRARY = "libc++";
				CLANG_ENABLE_MODULES = YES;
				CLANG_ENABLE_OBJC_ARC = YES;
				CLANG_ENABLE_OBJC_WEAK = YES;
				CLANG_WARN_BLOCK_CAPTURE_AUTORELEASING = YES;
				CLANG_WARN_BOOL_CONVERSION = YES;
				CLANG_WARN_COMMA = YES;
				CLANG_WARN_CONSTANT_CONVERSION = YES;
				CLANG_WARN_DEPRECATED_OBJC_IMPLEMENTATIONS = YES;
				CLANG_WARN_DIRECT_OBJC_ISA_USAGE = YES_ERROR;
				CLANG_WARN_DOCUMENTATION_COMMENTS = YES;
				CLANG_WARN_EMPTY_BODY = YES;
				CLANG_WARN_ENUM_CONVERSION = YES;
				CLANG_WARN_INFINITE_RECURSION = YES;
				CLANG_WARN_INT_CONVERSION = YES;
				CLANG_WARN_NON_LITERAL_NULL_CONVERSION = YES;
				CLANG_WARN_OBJC_IMPLICIT_RETAIN_SELF = YES;
				CLANG_WARN_OBJC_LITERAL_CONVERSION = YES;
				CLANG_WARN_OBJC_ROOT_CLASS = YES_ERROR;
				CLANG_WARN_RANGE_LOOP_ANALYSIS = YES;
				CLANG_WARN_STRICT_PROTOTYPES = YES;
				CLANG_WARN_SUSPICIOUS_MOVE = YES;
				CLANG_WARN_UNGUARDED_AVAILABILITY = YES_AGGRESSIVE;
				CLANG_WARN_UNREACHABLE_CODE = YES;
				CLANG_WARN__DUPLICATE_METHOD_MATCH = YES;
				CODE_SIGN_IDENTITY = "-";
				COPY_PHASE_STRIP = NO;
				DEBUG_INFORMATION_FORMAT = "dwarf-with-dsym";
				ENABLE_NS_ASSERTIONS = NO;
				ENABLE_STRICT_OBJC_MSGSEND = YES;
				GCC_C_LANGUAGE_STANDARD = gnu11;
				GCC_NO_COMMON_BLOCKS = YES;
				GCC_WARN_64_TO_32_BIT_CONVERSION = YES;
				GCC_WARN_ABOUT_RETURN_TYPE = YES_ERROR;
				GCC_WARN_UNDECLARED_SELECTOR = YES;
				GCC_WARN_UNINITIALIZED_AUTOS = YES_AGGRESSIVE;
				GCC_WARN_UNUSED_FUNCTION = YES;
				GCC_WARN_UNUSED_VARIABLE = YES;
				MACOSX_DEPLOYMENT_TARGET = 10.15;
				MTL_ENABLE_DEBUG_INFO = NO;
				MTL_FAST_MATH = YES;
				SDKROOT = macosx;
			};
			name = Release;
		};
		DFEE52702458C80100C07474 /* Debug */ = {
			isa = XCBuildConfiguration;
			buildSettings = {
				CODE_SIGN_IDENTITY = "";
				DEVELOPMENT_TEAM = "";
				INFOPLIST_FILE = PatchBug1576767/Info.plist;
				INSTALL_PATH = /usr/local/sbin;
				MODULE_NAME = org.smichaud.PatchBug1576767;
				MODULE_START = PatchBug1576767_start;
				MODULE_STOP = PatchBug1576767_stop;
				MODULE_VERSION = 1.0;
				PRODUCT_BUNDLE_IDENTIFIER = org.smichaud.PatchBug1576767;
				PRODUCT_NAME = "$(TARGET_NAME)";
				PROVISIONING_PROFILE_SPECIFIER = "";
				WRAPPER_EXTENSION = kext;
			};
			name = Debug;
		};
		DFEE52712458C80100C07474 /* Release */ = {
			isa = XCBuildConfiguration;
			buildSettings = {
				CODE_SIGN_IDENTITY = "";
				DEVELOPMENT_TEAM = "";
				INFOPLIST_FILE = PatchBug1576767/Info.plist;
				INSTALL_PATH = /usr/local/sbin;
				MODULE_NAME = org.smichaud.PatchBug1576767;
				MODULE_START = PatchBug1576767_start;
				MODULE_STOP = PatchBug1576767_stop;
				MODULE_VERSION = 1.0;
				PRODUCT_BUNDLE_IDENTIFIER = org.smichaud.PatchBug1576767;
				PRODUCT_NAME = "$(TARGET_NAME)";
				PROVISIONING_PROFILE_SPECIFIER = "";
				WRAPPER_EXTENSION = kext;
			};
			name = Release;
		};
/* End XCBuildConfiguration section */

/* Begin XCConfigurationList section */
		DFEE52612458C80100C07474 /* Build configuration list for PBXProject "PatchBug1576767" */ = {
			isa = XCConfigurationList;
			buildConfigurations = (
				DFEE526D2458C80100C07474 /* Debug */,
				DFEE526E2458C80100C07474 /* Release */,
			);
			defaultConfigurationIsVisible = 0;
			defaultConfigurationName = Release;
		};
		DFEE526F2458C80100C07474 /* Build configuration list for PBXNativeTarget "PatchBug1576767" */ = {
			isa = XCConfigurationList;
			buildConfigurations = (
				DFEE52702458C80100C07474 /* Debug */,
				DFEE52712458C80100C07474 /* Release */,
			);
			defaultConfigurationIsVisible = 0;
			defaultConfigurationName = Release;
		};
/* End XCConfigurationList section */
	};
	rootObject = DFEE525E2458C80100C07474 /* Project object */;
}
